{
  "name": "hello-cli-test-shivam",
  "version": "1.0.1",
  "lockfileVersion": 2,
  "requires": true,
  "packages": {
    "": {
      "name": "hello-cli-test-shivam",
      "version": "1.0.1",
      "license": "ISC",
      "dependencies": {
        "hello-cli-test-shivam": "^1.0.1"
      },
      "bin": {
        "hello-cli-test-shivam": "index.js"
      }
    },
    "node_modules/hello-cli-test-shivam": {
      "version": "1.0.1",
      "resolved": "https://registry.npmjs.org/hello-cli-test-shivam/-/hello-cli-test-shivam-1.0.1.tgz",
      "integrity": "sha512-GX/UIukne4Vwbx/TCfv3k4s5P3GIwWb+q6NvrE6lYLC6kEmmK8iHBiQ+tkXw4LWU7+iD+bTN7faCETn5G2KR6w==",
      "bin": {
        "hello-cli-test-shivam": "index.js"
      }
    }
  },
  "dependencies": {
    "hello-cli-test-shivam": {
      "version": "1.0.1",
      "resolved": "https://registry.npmjs.org/hello-cli-test-shivam/-/hello-cli-test-shivam-1.0.1.tgz",
      "integrity": "sha512-GX/UIukne4Vwbx/TCfv3k4s5P3GIwWb+q6NvrE6lYLC6kEmmK8iHBiQ+tkXw4LWU7+iD+bTN7faCETn5G2KR6w=="
    }
  }
}
